// !$*UTF8*$!
{
	archiveVersion = 1;
	classes = {
	};
	objectVersion = 55;
	objects = {

/* Begin PBXBuildFile section */
		361DE4D428260F430068D71F /* AppDelegate.swift in Sources */ = {isa = PBXBuildFile; fileRef = 361DE4D328260F430068D71F /* AppDelegate.swift */; };
		361DE4D628260F430068D71F /* SceneDelegate.swift in Sources */ = {isa = PBXBuildFile; fileRef = 361DE4D528260F430068D71F /* SceneDelegate.swift */; };
		361DE4D828260F430068D71F /* ViewController.swift in Sources */ = {isa = PBXBuildFile; fileRef = 361DE4D728260F430068D71F /* ViewController.swift */; };
		361DE4DB28260F430068D71F /* Main.storyboard in Resources */ = {isa = PBXBuildFile; fileRef = 361DE4D928260F430068D71F /* Main.storyboard */; };
		361DE4DD28260F450068D71F /* Assets.xcassets in Resources */ = {isa = PBXBuildFile; fileRef = 361DE4DC28260F450068D71F /* Assets.xcassets */; };
		361DE4E028260F450068D71F /* LaunchScreen.storyboard in Resources */ = {isa = PBXBuildFile; fileRef = 361DE4DE28260F450068D71F /* LaunchScreen.storyboard */; };
		361DE4EB28260F450068D71F /* BudgetTests.swift in Sources */ = {isa = PBXBuildFile; fileRef = 361DE4EA28260F450068D71F /* BudgetTests.swift */; };
		361DE4F528260F450068D71F /* BudgetUITests.swift in Sources */ = {isa = PBXBuildFile; fileRef = 361DE4F428260F450068D71F /* BudgetUITests.swift */; };
		361DE4F728260F450068D71F /* BudgetUITestsLaunchTests.swift in Sources */ = {isa = PBXBuildFile; fileRef = 361DE4F628260F450068D71F /* BudgetUITestsLaunchTests.swift */; };
/* End PBXBuildFile section */

/* Begin PBXContainerItemProxy section */
		361DE4E728260F450068D71F /* PBXContainerItemProxy */ = {
			isa = PBXContainerItemProxy;
			containerPortal = 361DE4C828260F430068D71F /* Project object */;
			proxyType = 1;
			remoteGlobalIDString = 361DE4CF28260F430068D71F;
			remoteInfo = Budget;
		};
		361DE4F128260F450068D71F /* PBXContainerItemProxy */ = {
			isa = PBXContainerItemProxy;
			containerPortal = 361DE4C828260F430068D71F /* Project object */;
			proxyType = 1;
			remoteGlobalIDString = 361DE4CF28260F430068D71F;
			remoteInfo = Budget;
		};
/* End PBXContainerItemProxy section */

/* Begin PBXFileReference section */
		361DE4D028260F430068D71F /* Budget.app */ = {isa = PBXFileReference; explicitFileType = wrapper.application; includeInIndex = 0; path = Budget.app; sourceTree = BUILT_PRODUCTS_DIR; };
		361DE4D328260F430068D71F /* AppDelegate.swift */ = {isa = PBXFileReference; lastKnownFileType = sourcecode.swift; path = AppDelegate.swift; sourceTree = "<group>"; };
		361DE4D528260F430068D71F /* SceneDelegate.swift */ = {isa = PBXFileReference; lastKnownFileType = sourcecode.swift; path = SceneDelegate.swift; sourceTree = "<group>"; };
		361DE4D728260F430068D71F /* ViewController.swift */ = {isa = PBXFileReference; lastKnownFileType = sourcecode.swift; path = ViewController.swift; sourceTree = "<group>"; };
		361DE4DA28260F430068D71F /* Base */ = {isa = PBXFileReference; lastKnownFileType = file.storyboard; name = Base; path = Base.lproj/Main.storyboard; sourceTree = "<group>"; };
		361DE4DC28260F450068D71F /* Assets.xcassets */ = {isa = PBXFileReference; lastKnownFileType = folder.assetcatalog; path = Assets.xcassets; sourceTree = "<group>"; };
		361DE4DF28260F450068D71F /* Base */ = {isa = PBXFileReference; lastKnownFileType = file.storyboard; name = Base; path = Base.lproj/LaunchScreen.storyboard; sourceTree = "<group>"; };
		361DE4E128260F450068D71F /* Info.plist */ = {isa = PBXFileReference; lastKnownFileType = text.plist.xml; path = Info.plist; sourceTree = "<group>"; };
		361DE4E628260F450068D71F /* BudgetTests.xctest */ = {isa = PBXFileReference; explicitFileType = wrapper.cfbundle; includeInIndex = 0; path = BudgetTests.xctest; sourceTree = BUILT_PRODUCTS_DIR; };
		361DE4EA28260F450068D71F /* BudgetTests.swift */ = {isa = PBXFileReference; lastKnownFileType = sourcecode.swift; path = BudgetTests.swift; sourceTree = "<group>"; };
		361DE4F028260F450068D71F /* BudgetUITests.xctest */ = {isa = PBXFileReference; explicitFileType = wrapper.cfbundle; includeInIndex = 0; path = BudgetUITests.xctest; sourceTree = BUILT_PRODUCTS_DIR; };
		361DE4F428260F450068D71F /* BudgetUITests.swift */ = {isa = PBXFileReference; lastKnownFileType = sourcecode.swift; path = BudgetUITests.swift; sourceTree = "<group>"; };
		361DE4F628260F450068D71F /* BudgetUITestsLaunchTests.swift */ = {isa = PBXFileReference; lastKnownFileType = sourcecode.swift; path = BudgetUITestsLaunchTests.swift; sourceTree = "<group>"; };
/* End PBXFileReference section */

/* Begin PBXFrameworksBuildPhase section */
		361DE4CD28260F430068D71F /* Frameworks */ = {
			isa = PBXFrameworksBuildPhase;
			buildActionMask = 2147483647;
			files = (
			);
			runOnlyForDeploymentPostprocessing = 0;
		};
		361DE4E328260F450068D71F /* Frameworks */ = {
			isa = PBXFrameworksBuildPhase;
			buildActionMask = 2147483647;
			files = (
			);
			runOnlyForDeploymentPostprocessing = 0;
		};
		361DE4ED28260F450068D71F /* Frameworks */ = {
			isa = PBXFrameworksBuildPhase;
			buildActionMask = 2147483647;
			files = (
			);
			runOnlyForDeploymentPostprocessing = 0;
		};
/* End PBXFrameworksBuildPhase section */

/* Begin PBXGroup section */
		361DE4C728260F430068D71F = {
			isa = PBXGroup;
			children = (
				361DE4D228260F430068D71F /* Budget */,
				361DE4E928260F450068D71F /* BudgetTests */,
				361DE4F328260F450068D71F /* BudgetUITests */,
				361DE4D128260F430068D71F /* Products */,
			);
			sourceTree = "<group>";
		};
		361DE4D128260F430068D71F /* Products */ = {
			isa = PBXGroup;
			children = (
				361DE4D028260F430068D71F /* Budget.app */,
				361DE4E628260F450068D71F /* BudgetTests.xctest */,
				361DE4F028260F450068D71F /* BudgetUITests.xctest */,
			);
			name = Products;
			sourceTree = "<group>";
		};
		361DE4D228260F430068D71F /* Budget */ = {
			isa = PBXGroup;
			children = (
				361DE50628260FE70068D71F /* Other */,
				361DE50528260FD60068D71F /* View */,
				361DE50428260FCD0068D71F /* Model */,
				361DE50328260FBC0068D71F /* Controller */,
				361DE4D328260F430068D71F /* AppDelegate.swift */,
				361DE4D528260F430068D71F /* SceneDelegate.swift */,
				361DE4D928260F430068D71F /* Main.storyboard */,
				361DE4DC28260F450068D71F /* Assets.xcassets */,
				361DE4E128260F450068D71F /* Info.plist */,
			);
			path = Budget;
			sourceTree = "<group>";
		};
		361DE4E928260F450068D71F /* BudgetTests */ = {
			isa = PBXGroup;
			children = (
				361DE4EA28260F450068D71F /* BudgetTests.swift */,
			);
			path = BudgetTests;
			sourceTree = "<group>";
		};
		361DE4F328260F450068D71F /* BudgetUITests */ = {
			isa = PBXGroup;
			children = (
				361DE4F428260F450068D71F /* BudgetUITests.swift */,
				361DE4F628260F450068D71F /* BudgetUITestsLaunchTests.swift */,
			);
			path = BudgetUITests;
			sourceTree = "<group>";
		};
		361DE50328260FBC0068D71F /* Controller */ = {
			isa = PBXGroup;
			children = (
				361DE4D728260F430068D71F /* ViewController.swift */,
			);
			path = Controller;
			sourceTree = "<group>";
		};
		361DE50428260FCD0068D71F /* Model */ = {
			isa = PBXGroup;
			children = (
			);
			path = Model;
			sourceTree = "<group>";
		};
		361DE50528260FD60068D71F /* View */ = {
			isa = PBXGroup;
			children = (
				361DE4DE28260F450068D71F /* LaunchScreen.storyboard */,
			);
			path = View;
			sourceTree = "<group>";
		};
		361DE50628260FE70068D71F /* Other */ = {
			isa = PBXGroup;
			children = (
			);
			path = Other;
			sourceTree = "<group>";
		};
/* End PBXGroup section */

/* Begin PBXNativeTarget section */
		361DE4CF28260F430068D71F /* Budget */ = {
			isa = PBXNativeTarget;
			buildConfigurationList = 361DE4FA28260F450068D71F /* Build configuration list for PBXNativeTarget "Budget" */;
			buildPhases = (
				361DE4CC28260F430068D71F /* Sources */,
				361DE4CD28260F430068D71F /* Frameworks */,
				361DE4CE28260F430068D71F /* Resources */,
			);
			buildRules = (
			);
			dependencies = (
			);
			name = Budget;
			productName = Budget;
			productReference = 361DE4D028260F430068D71F /* Budget.app */;
			productType = "com.apple.product-type.application";
		};
		361DE4E528260F450068D71F /* BudgetTests */ = {
			isa = PBXNativeTarget;
			buildConfigurationList = 361DE4FD28260F450068D71F /* Build configuration list for PBXNativeTarget "BudgetTests" */;
			buildPhases = (
				361DE4E228260F450068D71F /* Sources */,
				361DE4E328260F450068D71F /* Frameworks */,
				361DE4E428260F450068D71F /* Resources */,
			);
			buildRules = (
			);
			dependencies = (
				361DE4E828260F450068D71F /* PBXTargetDependency */,
			);
			name = BudgetTests;
			productName = BudgetTests;
			productReference = 361DE4E628260F450068D71F /* BudgetTests.xctest */;
			productType = "com.apple.product-type.bundle.unit-test";
		};
		361DE4EF28260F450068D71F /* BudgetUITests */ = {
			isa = PBXNativeTarget;
			buildConfigurationList = 361DE50028260F450068D71F /* Build configuration list for PBXNativeTarget "BudgetUITests" */;
			buildPhases = (
				361DE4EC28260F450068D71F /* Sources */,
				361DE4ED28260F450068D71F /* Frameworks */,
				361DE4EE28260F450068D71F /* Resources */,
			);
			buildRules = (
			);
			dependencies = (
				361DE4F228260F450068D71F /* PBXTargetDependency */,
			);
			name = BudgetUITests;
			productName = BudgetUITests;
			productReference = 361DE4F028260F450068D71F /* BudgetUITests.xctest */;
			productType = "com.apple.product-type.bundle.ui-testing";
		};
/* End PBXNativeTarget section */

/* Begin PBXProject section */
		361DE4C828260F430068D71F /* Project object */ = {
			isa = PBXProject;
			attributes = {
				BuildIndependentTargetsInParallel = 1;
				LastSwiftUpdateCheck = 1320;
				LastUpgradeCheck = 1320;
				TargetAttributes = {
					361DE4CF28260F430068D71F = {
						CreatedOnToolsVersion = 13.2.1;
					};
					361DE4E528260F450068D71F = {
						CreatedOnToolsVersion = 13.2.1;
						TestTargetID = 361DE4CF28260F430068D71F;
					};
					361DE4EF28260F450068D71F = {
						CreatedOnToolsVersion = 13.2.1;
						TestTargetID = 361DE4CF28260F430068D71F;
					};
				};
			};
			buildConfigurationList = 361DE4CB28260F430068D71F /* Build configuration list for PBXProject "Budget" */;
			compatibilityVersion = "Xcode 13.0";
			developmentRegion = en;
			hasScannedForEncodings = 0;
			knownRegions = (
				en,
				Base,
			);
			mainGroup = 361DE4C728260F430068D71F;
			productRefGroup = 361DE4D128260F430068D71F /* Products */;
			projectDirPath = "";
			projectRoot = "";
			targets = (
				361DE4CF28260F430068D71F /* Budget */,
				361DE4E528260F450068D71F /* BudgetTests */,
				361DE4EF28260F450068D71F /* BudgetUITests */,
			);
		};
/* End PBXProject section */

/* Begin PBXResourcesBuildPhase section */
		361DE4CE28260F430068D71F /* Resources */ = {
			isa = PBXResourcesBuildPhase;
			buildActionMask = 2147483647;
			files = (
				361DE4E028260F450068D71F /* LaunchScreen.storyboard in Resources */,
				361DE4DD28260F450068D71F /* Assets.xcassets in Resources */,
				361DE4DB28260F430068D71F /* Main.storyboard in Resources */,
			);
			runOnlyForDeploymentPostprocessing = 0;
		};
		361DE4E428260F450068D71F /* Resources */ = {
			isa = PBXResourcesBuildPhase;
			buildActionMask = 2147483647;
			files = (
			);
			runOnlyForDeploymentPostprocessing = 0;
		};
		361DE4EE28260F450068D71F /* Resources */ = {
			isa = PBXResourcesBuildPhase;
			buildActionMask = 2147483647;
			files = (
			);
			runOnlyForDeploymentPostprocessing = 0;
		};
/* End PBXResourcesBuildPhase section */

/* Begin PBXSourcesBuildPhase section */
		361DE4CC28260F430068D71F /* Sources */ = {
			isa = PBXSourcesBuildPhase;
			buildActionMask = 2147483647;
			files = (
				361DE4D828260F430068D71F /* ViewController.swift in Sources */,
				361DE4D428260F430068D71F /* AppDelegate.swift in Sources */,
				361DE4D628260F430068D71F /* SceneDelegate.swift in Sources */,
			);
			runOnlyForDeploymentPostprocessing = 0;
		};
		361DE4E228260F450068D71F /* Sources */ = {
			isa = PBXSourcesBuildPhase;
			buildActionMask = 2147483647;
			files = (
				361DE4EB28260F450068D71F /* BudgetTests.swift in Sources */,
			);
			runOnlyForDeploymentPostprocessing = 0;
		};
		361DE4EC28260F450068D71F /* Sources */ = {
			isa = PBXSourcesBuildPhase;
			buildActionMask = 2147483647;
			files = (
				361DE4F528260F450068D71F /* BudgetUITests.swift in Sources */,
				361DE4F728260F450068D71F /* BudgetUITestsLaunchTests.swift in Sources */,
			);
			runOnlyForDeploymentPostprocessing = 0;
		};
/* End PBXSourcesBuildPhase section */

/* Begin PBXTargetDependency section */
		361DE4E828260F450068D71F /* PBXTargetDependency */ = {
			isa = PBXTargetDependency;
			target = 361DE4CF28260F430068D71F /* Budget */;
			targetProxy = 361DE4E728260F450068D71F /* PBXContainerItemProxy */;
		};
		361DE4F228260F450068D71F /* PBXTargetDependency */ = {
			isa = PBXTargetDependency;
			target = 361DE4CF28260F430068D71F /* Budget */;
			targetProxy = 361DE4F128260F450068D71F /* PBXContainerItemProxy */;
		};
/* End PBXTargetDependency section */

/* Begin PBXVariantGroup section */
		361DE4D928260F430068D71F /* Main.storyboard */ = {
			isa = PBXVariantGroup;
			children = (
				361DE4DA28260F430068D71F /* Base */,
			);
			name = Main.storyboard;
			sourceTree = "<group>";
		};
		361DE4DE28260F450068D71F /* LaunchScreen.storyboard */ = {
			isa = PBXVariantGroup;
			children = (
				361DE4DF28260F450068D71F /* Base */,
			);
			name = LaunchScreen.storyboard;
			sourceTree = "<group>";
		};
/* End PBXVariantGroup section */

/* Begin XCBuildConfiguration section */
		361DE4F828260F450068D71F /* Debug */ = {
			isa = XCBuildConfiguration;
			buildSettings = {
				ALWAYS_SEARCH_USER_PATHS = NO;
				CLANG_ANALYZER_NONNULL = YES;
				CLANG_ANALYZER_NUMBER_OBJECT_CONVERSION = YES_AGGRESSIVE;
				CLANG_CXX_LANGUAGE_STANDARD = "gnu++17";
				CLANG_CXX_LIBRARY = "libc++";
				CLANG_ENABLE_MODULES = YES;
				CLANG_ENABLE_OBJC_ARC = YES;
				CLANG_ENABLE_OBJC_WEAK = YES;
				CLANG_WARN_BLOCK_CAPTURE_AUTORELEASING = YES;
				CLANG_WARN_BOOL_CONVERSION = YES;
				CLANG_WARN_COMMA = YES;
				CLANG_WARN_CONSTANT_CONVERSION = YES;
				CLANG_WARN_DEPRECATED_OBJC_IMPLEMENTATIONS = YES;
				CLANG_WARN_DIRECT_OBJC_ISA_USAGE = YES_ERROR;
				CLANG_WARN_DOCUMENTATION_COMMENTS = YES;
				CLANG_WARN_EMPTY_BODY = YES;
				CLANG_WARN_ENUM_CONVERSION = YES;
				CLANG_WARN_INFINITE_RECURSION = YES;
				CLANG_WARN_INT_CONVERSION = YES;
				CLANG_WARN_NON_LITERAL_NULL_CONVERSION = YES;
				CLANG_WARN_OBJC_IMPLICIT_RETAIN_SELF = YES;
				CLANG_WARN_OBJC_LITERAL_CONVERSION = YES;
				CLANG_WARN_OBJC_ROOT_CLASS = YES_ERROR;
				CLANG_WARN_QUOTED_INCLUDE_IN_FRAMEWORK_HEADER = YES;
				CLANG_WARN_RANGE_LOOP_ANALYSIS = YES;
				CLANG_WARN_STRICT_PROTOTYPES = YES;
				CLANG_WARN_SUSPICIOUS_MOVE = YES;
				CLANG_WARN_UNGUARDED_AVAILABILITY = YES_AGGRESSIVE;
				CLANG_WARN_UNREACHABLE_CODE = YES;
				CLANG_WARN__DUPLICATE_METHOD_MATCH = YES;
				COPY_PHASE_STRIP = NO;
				DEBUG_INFORMATION_FORMAT = dwarf;
				ENABLE_STRICT_OBJC_MSGSEND = YES;
				ENABLE_TESTABILITY = YES;
				GCC_C_LANGUAGE_STANDARD = gnu11;
				GCC_DYNAMIC_NO_PIC = NO;
				GCC_NO_COMMON_BLOCKS = YES;
				GCC_OPTIMIZATION_LEVEL = 0;
				GCC_PREPROCESSOR_DEFINITIONS = (
					"DEBUG=1",
					"$(inherited)",
				);
				GCC_WARN_64_TO_32_BIT_CONVERSION = YES;
				GCC_WARN_ABOUT_RETURN_TYPE = YES_ERROR;
				GCC_WARN_UNDECLARED_SELECTOR = YES;
				GCC_WARN_UNINITIALIZED_AUTOS = YES_AGGRESSIVE;
				GCC_WARN_UNUSED_FUNCTION = YES;
				GCC_WARN_UNUSED_VARIABLE = YES;
				IPHONEOS_DEPLOYMENT_TARGET = 15.2;
				MTL_ENABLE_DEBUG_INFO = INCLUDE_SOURCE;
				MTL_FAST_MATH = YES;
				ONLY_ACTIVE_ARCH = YES;
				SDKROOT = iphoneos;
				SWIFT_ACTIVE_COMPILATION_CONDITIONS = DEBUG;
				SWIFT_OPTIMIZATION_LEVEL = "-Onone";
			};
			name = Debug;
		};
		361DE4F928260F450068D71F /* Release */ = {
			isa = XCBuildConfiguration;
			buildSettings = {
				ALWAYS_SEARCH_USER_PATHS = NO;
				CLANG_ANALYZER_NONNULL = YES;
				CLANG_ANALYZER_NUMBER_OBJECT_CONVERSION = YES_AGGRESSIVE;
				CLANG_CXX_LANGUAGE_STANDARD = "gnu++17";
				CLANG_CXX_LIBRARY = "libc++";
				CLANG_ENABLE_MODULES = YES;
				CLANG_ENABLE_OBJC_ARC = YES;
				CLANG_ENABLE_OBJC_WEAK = YES;
				CLANG_WARN_BLOCK_CAPTURE_AUTORELEASING = YES;
				CLANG_WARN_BOOL_CONVERSION = YES;
				CLANG_WARN_COMMA = YES;
				CLANG_WARN_CONSTANT_CONVERSION = YES;
				CLANG_WARN_DEPRECATED_OBJC_IMPLEMENTATIONS = YES;
				CLANG_WARN_DIRECT_OBJC_ISA_USAGE = YES_ERROR;
				CLANG_WARN_DOCUMENTATION_COMMENTS = YES;
				CLANG_WARN_EMPTY_BODY = YES;
				CLANG_WARN_ENUM_CONVERSION = YES;
				CLANG_WARN_INFINITE_RECURSION = YES;
				CLANG_WARN_INT_CONVERSION = YES;
				CLANG_WARN_NON_LITERAL_NULL_CONVERSION = YES;
				CLANG_WARN_OBJC_IMPLICIT_RETAIN_SELF = YES;
				CLANG_WARN_OBJC_LITERAL_CONVERSION = YES;
				CLANG_WARN_OBJC_ROOT_CLASS = YES_ERROR;
				CLANG_WARN_QUOTED_INCLUDE_IN_FRAMEWORK_HEADER = YES;
				CLANG_WARN_RANGE_LOOP_ANALYSIS = YES;
				CLANG_WARN_STRICT_PROTOTYPES = YES;
				CLANG_WARN_SUSPICIOUS_MOVE = YES;
				CLANG_WARN_UNGUARDED_AVAILABILITY = YES_AGGRESSIVE;
				CLANG_WARN_UNREACHABLE_CODE = YES;
				CLANG_WARN__DUPLICATE_METHOD_MATCH = YES;
				COPY_PHASE_STRIP = NO;
				DEBUG_INFORMATION_FORMAT = "dwarf-with-dsym";
				ENABLE_NS_ASSERTIONS = NO;
				ENABLE_STRICT_OBJC_MSGSEND = YES;
				GCC_C_LANGUAGE_STANDARD = gnu11;
				GCC_NO_COMMON_BLOCKS = YES;
				GCC_WARN_64_TO_32_BIT_CONVERSION = YES;
				GCC_WARN_ABOUT_RETURN_TYPE = YES_ERROR;
				GCC_WARN_UNDECLARED_SELECTOR = YES;
				GCC_WARN_UNINITIALIZED_AUTOS = YES_AGGRESSIVE;
				GCC_WARN_UNUSED_FUNCTION = YES;
				GCC_WARN_UNUSED_VARIABLE = YES;
				IPHONEOS_DEPLOYMENT_TARGET = 15.2;
				MTL_ENABLE_DEBUG_INFO = NO;
				MTL_FAST_MATH = YES;
				SDKROOT = iphoneos;
				SWIFT_COMPILATION_MODE = wholemodule;
				SWIFT_OPTIMIZATION_LEVEL = "-O";
				VALIDATE_PRODUCT = YES;
			};
			name = Release;
		};
		361DE4FB28260F450068D71F /* Debug */ = {
			isa = XCBuildConfiguration;
			buildSettings = {
				ASSETCATALOG_COMPILER_APPICON_NAME = AppIcon;
				ASSETCATALOG_COMPILER_GLOBAL_ACCENT_COLOR_NAME = AccentColor;
				CODE_SIGN_STYLE = Automatic;
				CURRENT_PROJECT_VERSION = 1;
				DEVELOPMENT_TEAM = VMR9636XSN;
				GENERATE_INFOPLIST_FILE = YES;
				INFOPLIST_FILE = Budget/Info.plist;
				INFOPLIST_KEY_UIApplicationSupportsIndirectInputEvents = YES;
				INFOPLIST_KEY_UILaunchStoryboardName = LaunchScreen;
				INFOPLIST_KEY_UIMainStoryboardFile = Main;
				INFOPLIST_KEY_UISupportedInterfaceOrientations_iPad = "UIInterfaceOrientationPortrait UIInterfaceOrientationPortraitUpsideDown UIInterfaceOrientationLandscapeLeft UIInterfaceOrientationLandscapeRight";
				INFOPLIST_KEY_UISupportedInterfaceOrientations_iPhone = "UIInterfaceOrientationPortrait UIInterfaceOrientationLandscapeLeft UIInterfaceOrientationLandscapeRight";
				LD_RUNPATH_SEARCH_PATHS = (
					"$(inherited)",
					"@executable_path/Frameworks",
				);
				MARKETING_VERSION = 1.0;
				PRODUCT_BUNDLE_IDENTIFIER = com.aasliev.Budget;
				PRODUCT_NAME = "$(TARGET_NAME)";
				SWIFT_EMIT_LOC_STRINGS = YES;
				SWIFT_VERSION = 5.0;
				TARGETED_DEVICE_FAMILY = "1,2";
			};
			name = Debug;
		};
		361DE4FC28260F450068D71F /* Release */ = {
			isa = XCBuildConfiguration;
			buildSettings = {
				ASSETCATALOG_COMPILER_APPICON_NAME = AppIcon;
				ASSETCATALOG_COMPILER_GLOBAL_ACCENT_COLOR_NAME = AccentColor;
				CODE_SIGN_STYLE = Automatic;
				CURRENT_PROJECT_VERSION = 1;
				DEVELOPMENT_TEAM = VMR9636XSN;
				GENERATE_INFOPLIST_FILE = YES;
				INFOPLIST_FILE = Budget/Info.plist;
				INFOPLIST_KEY_UIApplicationSupportsIndirectInputEvents = YES;
				INFOPLIST_KEY_UILaunchStoryboardName = LaunchScreen;
				INFOPLIST_KEY_UIMainStoryboardFile = Main;
				INFOPLIST_KEY_UISupportedInterfaceOrientations_iPad = "UIInterfaceOrientationPortrait UIInterfaceOrientationPortraitUpsideDown UIInterfaceOrientationLandscapeLeft UIInterfaceOrientationLandscapeRight";
				INFOPLIST_KEY_UISupportedInterfaceOrientations_iPhone = "UIInterfaceOrientationPortrait UIInterfaceOrientationLandscapeLeft UIInterfaceOrientationLandscapeRight";
				LD_RUNPATH_SEARCH_PATHS = (
					"$(inherited)",
					"@executable_path/Frameworks",
				);
				MARKETING_VERSION = 1.0;
				PRODUCT_BUNDLE_IDENTIFIER = com.aasliev.Budget;
				PRODUCT_NAME = "$(TARGET_NAME)";
				SWIFT_EMIT_LOC_STRINGS = YES;
				SWIFT_VERSION = 5.0;
				TARGETED_DEVICE_FAMILY = "1,2";
			};
			name = Release;
		};
		361DE4FE28260F450068D71F /* Debug */ = {
			isa = XCBuildConfiguration;
			buildSettings = {
				ALWAYS_EMBED_SWIFT_STANDARD_LIBRARIES = YES;
				BUNDLE_LOADER = "$(TEST_HOST)";
				CODE_SIGN_STYLE = Automatic;
				CURRENT_PROJECT_VERSION = 1;
				DEVELOPMENT_TEAM = VMR9636XSN;
				GENERATE_INFOPLIST_FILE = YES;
				IPHONEOS_DEPLOYMENT_TARGET = 15.2;
				MARKETING_VERSION = 1.0;
				PRODUCT_BUNDLE_IDENTIFIER = com.aasliev.BudgetTests;
				PRODUCT_NAME = "$(TARGET_NAME)";
				SWIFT_EMIT_LOC_STRINGS = NO;
				SWIFT_VERSION = 5.0;
				TARGETED_DEVICE_FAMILY = "1,2";
				TEST_HOST = "$(BUILT_PRODUCTS_DIR)/Budget.app/Budget";
			};
			name = Debug;
		};
		361DE4FF28260F450068D71F /* Release */ = {
			isa = XCBuildConfiguration;
			buildSettings = {
				ALWAYS_EMBED_SWIFT_STANDARD_LIBRARIES = YES;
				BUNDLE_LOADER = "$(TEST_HOST)";
				CODE_SIGN_STYLE = Automatic;
				CURRENT_PROJECT_VERSION = 1;
				DEVELOPMENT_TEAM = VMR9636XSN;
				GENERATE_INFOPLIST_FILE = YES;
				IPHONEOS_DEPLOYMENT_TARGET = 15.2;
				MARKETING_VERSION = 1.0;
				PRODUCT_BUNDLE_IDENTIFIER = com.aasliev.BudgetTests;
				PRODUCT_NAME = "$(TARGET_NAME)";
				SWIFT_EMIT_LOC_STRINGS = NO;
				SWIFT_VERSION = 5.0;
				TARGETED_DEVICE_FAMILY = "1,2";
				TEST_HOST = "$(BUILT_PRODUCTS_DIR)/Budget.app/Budget";
			};
			name = Release;
		};
		361DE50128260F450068D71F /* Debug */ = {
			isa = XCBuildConfiguration;
			buildSettings = {
				ALWAYS_EMBED_SWIFT_STANDARD_LIBRARIES = YES;
				CODE_SIGN_STYLE = Automatic;
				CURRENT_PROJECT_VERSION = 1;
				DEVELOPMENT_TEAM = VMR9636XSN;
				GENERATE_INFOPLIST_FILE = YES;
				MARKETING_VERSION = 1.0;
				PRODUCT_BUNDLE_IDENTIFIER = com.aasliev.BudgetUITests;
				PRODUCT_NAME = "$(TARGET_NAME)";
				SWIFT_EMIT_LOC_STRINGS = NO;
				SWIFT_VERSION = 5.0;
				TARGETED_DEVICE_FAMILY = "1,2";
				TEST_TARGET_NAME = Budget;
			};
			name = Debug;
		};
		361DE50228260F450068D71F /* Release */ = {
			isa = XCBuildConfiguration;
			buildSettings = {
				ALWAYS_EMBED_SWIFT_STANDARD_LIBRARIES = YES;
				CODE_SIGN_STYLE = Automatic;
				CURRENT_PROJECT_VERSION = 1;
				DEVELOPMENT_TEAM = VMR9636XSN;
				GENERATE_INFOPLIST_FILE = YES;
				MARKETING_VERSION = 1.0;
				PRODUCT_BUNDLE_IDENTIFIER = com.aasliev.BudgetUITests;
				PRODUCT_NAME = "$(TARGET_NAME)";
				SWIFT_EMIT_LOC_STRINGS = NO;
				SWIFT_VERSION = 5.0;
				TARGETED_DEVICE_FAMILY = "1,2";
				TEST_TARGET_NAME = Budget;
			};
			name = Release;
		};
/* End XCBuildConfiguration section */

/* Begin XCConfigurationList section */
		361DE4CB28260F430068D71F /* Build configuration list for PBXProject "Budget" */ = {
			isa = XCConfigurationList;
			buildConfigurations = (
				361DE4F828260F450068D71F /* Debug */,
				361DE4F928260F450068D71F /* Release */,
			);
			defaultConfigurationIsVisible = 0;
			defaultConfigurationName = Release;
		};
		361DE4FA28260F450068D71F /* Build configuration list for PBXNativeTarget "Budget" */ = {
			isa = XCConfigurationList;
			buildConfigurations = (
				361DE4FB28260F450068D71F /* Debug */,
				361DE4FC28260F450068D71F /* Release */,
			);
			defaultConfigurationIsVisible = 0;
			defaultConfigurationName = Release;
		};
		361DE4FD28260F450068D71F /* Build configuration list for PBXNativeTarget "BudgetTests" */ = {
			isa = XCConfigurationList;
			buildConfigurations = (
				361DE4FE28260F450068D71F /* Debug */,
				361DE4FF28260F450068D71F /* Release */,
			);
			defaultConfigurationIsVisible = 0;
			defaultConfigurationName = Release;
		};
		361DE50028260F450068D71F /* Build configuration list for PBXNativeTarget "BudgetUITests" */ = {
			isa = XCConfigurationList;
			buildConfigurations = (
				361DE50128260F450068D71F /* Debug */,
				361DE50228260F450068D71F /* Release */,
			);
			defaultConfigurationIsVisible = 0;
			defaultConfigurationName = Release;
		};
/* End XCConfigurationList section */
	};
	rootObject = 361DE4C828260F430068D71F /* Project object */;
}
